
Microsoft Visual Studio Solution File, Format Version 12.00
# Visual Studio 2015
Project("{FAE04EC0-301F-11D3-BF4B-00C04F79EFBC}") = "HUD.CSharp", "HUD.CSharp.csproj", "{1E1CA113-BA30-92DC-B5BE-EA78C285995A}"
EndProject
Project("{FAE04EC0-301F-11D3-BF4B-00C04F79EFBC}") = "HUD.CSharp.Editor", "HUD.CSharp.Editor.csproj", "{446C095E-7137-264B-8C00-4DA79033945F}"
EndProject
Global
	GlobalSection(SolutionConfigurationPlatforms) = preSolution
		Debug|Any CPU = Debug|Any CPU
		Release|Any CPU = Release|Any CPU
	EndGlobalSection
	GlobalSection(ProjectConfigurationPlatforms) = postSolution
		{1E1CA113-BA30-92DC-B5BE-EA78C285995A}.Debug|Any CPU.ActiveCfg = Debug|Any CPU
		{1E1CA113-BA30-92DC-B5BE-EA78C285995A}.Debug|Any CPU.Build.0 = Debug|Any CPU
		{1E1CA113-BA30-92DC-B5BE-EA78C285995A}.Release|Any CPU.ActiveCfg = Release|Any CPU
		{1E1CA113-BA30-92DC-B5BE-EA78C285995A}.Release|Any CPU.Build.0 = Release|Any CPU
		{446C095E-7137-264B-8C00-4DA79033945F}.Debug|Any CPU.ActiveCfg = Debug|Any CPU
		{446C095E-7137-264B-8C00-4DA79033945F}.Debug|Any CPU.Build.0 = Debug|Any CPU
		{446C095E-7137-264B-8C00-4DA79033945F}.Release|Any CPU.ActiveCfg = Release|Any CPU
		{446C095E-7137-264B-8C00-4DA79033945F}.Release|Any CPU.Build.0 = Release|Any CPU
	EndGlobalSection
	GlobalSection(SolutionProperties) = preSolution
		HideSolutionNode = FALSE
	EndGlobalSection
EndGlobal
